// !$*UTF8*$!
{
	archiveVersion = 1;
	classes = {
	};
	objectVersion = 55;
	objects = {

/* Begin PBXBuildFile section */
		BA0CBCF628EC55090003CC71 /* AppDelegate.swift in Sources */ = {isa = PBXBuildFile; fileRef = BA0CBCF528EC55090003CC71 /* AppDelegate.swift */; };
		BA0CBCF828EC55090003CC71 /* SceneDelegate.swift in Sources */ = {isa = PBXBuildFile; fileRef = BA0CBCF728EC55090003CC71 /* SceneDelegate.swift */; };
		BA0CBD0028EC55090003CC71 /* todolist.xcdatamodeld in Sources */ = {isa = PBXBuildFile; fileRef = BA0CBCFE28EC55090003CC71 /* todolist.xcdatamodeld */; };
		BA0CBD0F28EC55500003CC71 /* MainScreenViewController.swift in Sources */ = {isa = PBXBuildFile; fileRef = BA0CBD0E28EC55500003CC71 /* MainScreenViewController.swift */; };
		BA0CBD1128EC72860003CC71 /* MainScreenPresenter.swift in Sources */ = {isa = PBXBuildFile; fileRef = BA0CBD1028EC72860003CC71 /* MainScreenPresenter.swift */; };
		BA0CBD1328EC72920003CC71 /* MainScreenAssembly.swift in Sources */ = {isa = PBXBuildFile; fileRef = BA0CBD1228EC72920003CC71 /* MainScreenAssembly.swift */; };
		BA0CBD1D28EC72F50003CC71 /* MainFlowCoordinator.swift in Sources */ = {isa = PBXBuildFile; fileRef = BA0CBD1C28EC72F50003CC71 /* MainFlowCoordinator.swift */; };
		BA0CBD2428EE02AE0003CC71 /* SnapKit in Frameworks */ = {isa = PBXBuildFile; productRef = BA0CBD2328EE02AE0003CC71 /* SnapKit */; };
		BA0CBD2928EEB9C00003CC71 /* EditScreenViewController.swift in Sources */ = {isa = PBXBuildFile; fileRef = BA0CBD2828EEB9C00003CC71 /* EditScreenViewController.swift */; };
		BA0CBD2B28EEB9CD0003CC71 /* EditScreenPresenter.swift in Sources */ = {isa = PBXBuildFile; fileRef = BA0CBD2A28EEB9CD0003CC71 /* EditScreenPresenter.swift */; };
		BA0CBD2D28EEB9DA0003CC71 /* EditScreenAssembly.swift in Sources */ = {isa = PBXBuildFile; fileRef = BA0CBD2C28EEB9DA0003CC71 /* EditScreenAssembly.swift */; };
		BA0CBD2F28EEF3300003CC71 /* DateService.swift in Sources */ = {isa = PBXBuildFile; fileRef = BA0CBD2E28EEF3300003CC71 /* DateService.swift */; };
		BA38A4CE2938EECB00FED81F /* WeatherData.swift in Sources */ = {isa = PBXBuildFile; fileRef = BA38A4CD2938EECB00FED81F /* WeatherData.swift */; };
		BA38A4D02938F46B00FED81F /* Weather.swift in Sources */ = {isa = PBXBuildFile; fileRef = BA38A4CF2938F46B00FED81F /* Weather.swift */; };
		BA38A4D22938F89300FED81F /* NetworkService.swift in Sources */ = {isa = PBXBuildFile; fileRef = BA38A4D12938F89300FED81F /* NetworkService.swift */; };
		BA96592E29279FEB0005CB1C /* UserViewController.swift in Sources */ = {isa = PBXBuildFile; fileRef = BA96592D29279FEB0005CB1C /* UserViewController.swift */; };
		BA96593029279FFE0005CB1C /* UserAssembly.swift in Sources */ = {isa = PBXBuildFile; fileRef = BA96592F29279FFE0005CB1C /* UserAssembly.swift */; };
		BA9659322927A0080005CB1C /* UserPresenter.swift in Sources */ = {isa = PBXBuildFile; fileRef = BA9659312927A0080005CB1C /* UserPresenter.swift */; };
		BAB7B87C28F5A8DB00A1FD2C /* Assets.xcassets in Resources */ = {isa = PBXBuildFile; fileRef = BA0CBD0128EC550B0003CC71 /* Assets.xcassets */; };
		BAE516EC28F410B600130628 /* NotesService.swift in Sources */ = {isa = PBXBuildFile; fileRef = BAE516EB28F410B600130628 /* NotesService.swift */; };
/* End PBXBuildFile section */

/* Begin PBXFileReference section */
		BA0CBCF228EC55090003CC71 /* todolist.app */ = {isa = PBXFileReference; explicitFileType = wrapper.application; includeInIndex = 0; path = todolist.app; sourceTree = BUILT_PRODUCTS_DIR; };
		BA0CBCF528EC55090003CC71 /* AppDelegate.swift */ = {isa = PBXFileReference; lastKnownFileType = sourcecode.swift; path = AppDelegate.swift; sourceTree = "<group>"; };
		BA0CBCF728EC55090003CC71 /* SceneDelegate.swift */ = {isa = PBXFileReference; lastKnownFileType = sourcecode.swift; path = SceneDelegate.swift; sourceTree = "<group>"; };
		BA0CBCFF28EC55090003CC71 /* todolist.xcdatamodel */ = {isa = PBXFileReference; lastKnownFileType = wrapper.xcdatamodel; path = todolist.xcdatamodel; sourceTree = "<group>"; };
		BA0CBD0128EC550B0003CC71 /* Assets.xcassets */ = {isa = PBXFileReference; lastKnownFileType = folder.assetcatalog; path = Assets.xcassets; sourceTree = "<group>"; };
		BA0CBD0428EC550B0003CC71 /* Base */ = {isa = PBXFileReference; lastKnownFileType = file.storyboard; name = Base; path = Base.lproj/LaunchScreen.storyboard; sourceTree = "<group>"; };
		BA0CBD0628EC550B0003CC71 /* Info.plist */ = {isa = PBXFileReference; lastKnownFileType = text.plist.xml; path = Info.plist; sourceTree = "<group>"; };
		BA0CBD0E28EC55500003CC71 /* MainScreenViewController.swift */ = {isa = PBXFileReference; lastKnownFileType = sourcecode.swift; path = MainScreenViewController.swift; sourceTree = "<group>"; };
		BA0CBD1028EC72860003CC71 /* MainScreenPresenter.swift */ = {isa = PBXFileReference; lastKnownFileType = sourcecode.swift; path = MainScreenPresenter.swift; sourceTree = "<group>"; };
		BA0CBD1228EC72920003CC71 /* MainScreenAssembly.swift */ = {isa = PBXFileReference; lastKnownFileType = sourcecode.swift; path = MainScreenAssembly.swift; sourceTree = "<group>"; };
		BA0CBD1C28EC72F50003CC71 /* MainFlowCoordinator.swift */ = {isa = PBXFileReference; lastKnownFileType = sourcecode.swift; path = MainFlowCoordinator.swift; sourceTree = "<group>"; };
		BA0CBD2828EEB9C00003CC71 /* EditScreenViewController.swift */ = {isa = PBXFileReference; lastKnownFileType = sourcecode.swift; path = EditScreenViewController.swift; sourceTree = "<group>"; };
		BA0CBD2A28EEB9CD0003CC71 /* EditScreenPresenter.swift */ = {isa = PBXFileReference; lastKnownFileType = sourcecode.swift; path = EditScreenPresenter.swift; sourceTree = "<group>"; };
		BA0CBD2C28EEB9DA0003CC71 /* EditScreenAssembly.swift */ = {isa = PBXFileReference; lastKnownFileType = sourcecode.swift; path = EditScreenAssembly.swift; sourceTree = "<group>"; };
		BA0CBD2E28EEF3300003CC71 /* DateService.swift */ = {isa = PBXFileReference; lastKnownFileType = sourcecode.swift; path = DateService.swift; sourceTree = "<group>"; };
		BA38A4CD2938EECB00FED81F /* WeatherData.swift */ = {isa = PBXFileReference; lastKnownFileType = sourcecode.swift; path = WeatherData.swift; sourceTree = "<group>"; };
		BA38A4CF2938F46B00FED81F /* Weather.swift */ = {isa = PBXFileReference; lastKnownFileType = sourcecode.swift; path = Weather.swift; sourceTree = "<group>"; };
		BA38A4D12938F89300FED81F /* NetworkService.swift */ = {isa = PBXFileReference; lastKnownFileType = sourcecode.swift; path = NetworkService.swift; sourceTree = "<group>"; };
		BA96592D29279FEB0005CB1C /* UserViewController.swift */ = {isa = PBXFileReference; lastKnownFileType = sourcecode.swift; path = UserViewController.swift; sourceTree = "<group>"; };
		BA96592F29279FFE0005CB1C /* UserAssembly.swift */ = {isa = PBXFileReference; lastKnownFileType = sourcecode.swift; path = UserAssembly.swift; sourceTree = "<group>"; };
		BA9659312927A0080005CB1C /* UserPresenter.swift */ = {isa = PBXFileReference; lastKnownFileType = sourcecode.swift; path = UserPresenter.swift; sourceTree = "<group>"; };
		BAE516EB28F410B600130628 /* NotesService.swift */ = {isa = PBXFileReference; lastKnownFileType = sourcecode.swift; path = NotesService.swift; sourceTree = "<group>"; };
/* End PBXFileReference section */

/* Begin PBXFrameworksBuildPhase section */
		BA0CBCEF28EC55090003CC71 /* Frameworks */ = {
			isa = PBXFrameworksBuildPhase;
			buildActionMask = 2147483647;
			files = (
				BA0CBD2428EE02AE0003CC71 /* SnapKit in Frameworks */,
			);
			runOnlyForDeploymentPostprocessing = 0;
		};
/* End PBXFrameworksBuildPhase section */

/* Begin PBXGroup section */
		BA0CBCE928EC55090003CC71 = {
			isa = PBXGroup;
			children = (
				BA96592C29279FDA0005CB1C /* User */,
				BAE516EA28F410A200130628 /* Service */,
				BA0CBD2728EEB98D0003CC71 /* CurrentList */,
				BA0CBD1B28EC72E60003CC71 /* General */,
				BA0CBD0D28EC55390003CC71 /* MainScreen */,
				BA0CBD0C28EC55140003CC71 /* Application */,
				BA0CBCF428EC55090003CC71 /* todolist */,
				BA0CBCF328EC55090003CC71 /* Products */,
			);
			sourceTree = "<group>";
		};
		BA0CBCF328EC55090003CC71 /* Products */ = {
			isa = PBXGroup;
			children = (
				BA0CBCF228EC55090003CC71 /* todolist.app */,
			);
			name = Products;
			sourceTree = "<group>";
		};
		BA0CBCF428EC55090003CC71 /* todolist */ = {
			isa = PBXGroup;
			children = (
				BA0CBD0128EC550B0003CC71 /* Assets.xcassets */,
				BA0CBD0328EC550B0003CC71 /* LaunchScreen.storyboard */,
				BA0CBD0628EC550B0003CC71 /* Info.plist */,
				BA0CBCFE28EC55090003CC71 /* todolist.xcdatamodeld */,
			);
			path = todolist;
			sourceTree = "<group>";
		};
		BA0CBD0C28EC55140003CC71 /* Application */ = {
			isa = PBXGroup;
			children = (
				BA0CBCF728EC55090003CC71 /* SceneDelegate.swift */,
				BA0CBCF528EC55090003CC71 /* AppDelegate.swift */,
			);
			path = Application;
			sourceTree = "<group>";
		};
		BA0CBD0D28EC55390003CC71 /* MainScreen */ = {
			isa = PBXGroup;
			children = (
				BA0CBD0E28EC55500003CC71 /* MainScreenViewController.swift */,
				BA0CBD1028EC72860003CC71 /* MainScreenPresenter.swift */,
				BA0CBD1228EC72920003CC71 /* MainScreenAssembly.swift */,
			);
			path = MainScreen;
			sourceTree = "<group>";
		};
		BA0CBD1B28EC72E60003CC71 /* General */ = {
			isa = PBXGroup;
			children = (
				BA0CBD1C28EC72F50003CC71 /* MainFlowCoordinator.swift */,
			);
			path = General;
			sourceTree = "<group>";
		};
		BA0CBD2728EEB98D0003CC71 /* CurrentList */ = {
			isa = PBXGroup;
			children = (
				BA0CBD2828EEB9C00003CC71 /* EditScreenViewController.swift */,
				BA0CBD2A28EEB9CD0003CC71 /* EditScreenPresenter.swift */,
				BA0CBD2C28EEB9DA0003CC71 /* EditScreenAssembly.swift */,
			);
			path = CurrentList;
			sourceTree = "<group>";
		};
		BA96592C29279FDA0005CB1C /* User */ = {
			isa = PBXGroup;
			children = (
				BA96592D29279FEB0005CB1C /* UserViewController.swift */,
				BA96592F29279FFE0005CB1C /* UserAssembly.swift */,
				BA9659312927A0080005CB1C /* UserPresenter.swift */,
				BA38A4CD2938EECB00FED81F /* WeatherData.swift */,
				BA38A4CF2938F46B00FED81F /* Weather.swift */,
				BA38A4D12938F89300FED81F /* NetworkService.swift */,
			);
			path = User;
			sourceTree = "<group>";
		};
		BAE516EA28F410A200130628 /* Service */ = {
			isa = PBXGroup;
			children = (
				BA0CBD2E28EEF3300003CC71 /* DateService.swift */,
				BAE516EB28F410B600130628 /* NotesService.swift */,
			);
			path = Service;
			sourceTree = "<group>";
		};
/* End PBXGroup section */

/* Begin PBXNativeTarget section */
		BA0CBCF128EC55090003CC71 /* todolist */ = {
			isa = PBXNativeTarget;
			buildConfigurationList = BA0CBD0928EC550B0003CC71 /* Build configuration list for PBXNativeTarget "todolist" */;
			buildPhases = (
				BA0CBCEE28EC55090003CC71 /* Sources */,
				BA0CBCEF28EC55090003CC71 /* Frameworks */,
				BA0CBCF028EC55090003CC71 /* Resources */,
			);
			buildRules = (
			);
			dependencies = (
			);
			name = todolist;
			packageProductDependencies = (
				BA0CBD2328EE02AE0003CC71 /* SnapKit */,
			);
			productName = todolist;
			productReference = BA0CBCF228EC55090003CC71 /* todolist.app */;
			productType = "com.apple.product-type.application";
		};
/* End PBXNativeTarget section */

/* Begin PBXProject section */
		BA0CBCEA28EC55090003CC71 /* Project object */ = {
			isa = PBXProject;
			attributes = {
				BuildIndependentTargetsInParallel = 1;
				LastSwiftUpdateCheck = 1330;
				LastUpgradeCheck = 1330;
				TargetAttributes = {
					BA0CBCF128EC55090003CC71 = {
						CreatedOnToolsVersion = 13.3.1;
					};
				};
			};
			buildConfigurationList = BA0CBCED28EC55090003CC71 /* Build configuration list for PBXProject "todolist" */;
			compatibilityVersion = "Xcode 13.0";
			developmentRegion = en;
			hasScannedForEncodings = 0;
			knownRegions = (
				en,
				Base,
			);
			mainGroup = BA0CBCE928EC55090003CC71;
			packageReferences = (
				BA0CBD2228EE02AE0003CC71 /* XCRemoteSwiftPackageReference "SnapKit" */,
			);
			productRefGroup = BA0CBCF328EC55090003CC71 /* Products */;
			projectDirPath = "";
			projectRoot = "";
			targets = (
				BA0CBCF128EC55090003CC71 /* todolist */,
			);
		};
/* End PBXProject section */

/* Begin PBXResourcesBuildPhase section */
		BA0CBCF028EC55090003CC71 /* Resources */ = {
			isa = PBXResourcesBuildPhase;
			buildActionMask = 2147483647;
			files = (
				BAB7B87C28F5A8DB00A1FD2C /* Assets.xcassets in Resources */,
			);
			runOnlyForDeploymentPostprocessing = 0;
		};
/* End PBXResourcesBuildPhase section */

/* Begin PBXSourcesBuildPhase section */
		BA0CBCEE28EC55090003CC71 /* Sources */ = {
			isa = PBXSourcesBuildPhase;
			buildActionMask = 2147483647;
			files = (
				BA0CBD2B28EEB9CD0003CC71 /* EditScreenPresenter.swift in Sources */,
				BA38A4D02938F46B00FED81F /* Weather.swift in Sources */,
				BA96592E29279FEB0005CB1C /* UserViewController.swift in Sources */,
				BA0CBD2D28EEB9DA0003CC71 /* EditScreenAssembly.swift in Sources */,
				BA38A4D22938F89300FED81F /* NetworkService.swift in Sources */,
				BA0CBD0F28EC55500003CC71 /* MainScreenViewController.swift in Sources */,
				BA0CBD1D28EC72F50003CC71 /* MainFlowCoordinator.swift in Sources */,
				BA0CBD2928EEB9C00003CC71 /* EditScreenViewController.swift in Sources */,
				BA38A4CE2938EECB00FED81F /* WeatherData.swift in Sources */,
				BA0CBCF628EC55090003CC71 /* AppDelegate.swift in Sources */,
				BA9659322927A0080005CB1C /* UserPresenter.swift in Sources */,
				BA0CBD2F28EEF3300003CC71 /* DateService.swift in Sources */,
				BA0CBCF828EC55090003CC71 /* SceneDelegate.swift in Sources */,
				BA0CBD1328EC72920003CC71 /* MainScreenAssembly.swift in Sources */,
				BA96593029279FFE0005CB1C /* UserAssembly.swift in Sources */,
				BAE516EC28F410B600130628 /* NotesService.swift in Sources */,
				BA0CBD0028EC55090003CC71 /* todolist.xcdatamodeld in Sources */,
				BA0CBD1128EC72860003CC71 /* MainScreenPresenter.swift in Sources */,
			);
			runOnlyForDeploymentPostprocessing = 0;
		};
/* End PBXSourcesBuildPhase section */

/* Begin PBXVariantGroup section */
		BA0CBD0328EC550B0003CC71 /* LaunchScreen.storyboard */ = {
			isa = PBXVariantGroup;
			children = (
				BA0CBD0428EC550B0003CC71 /* Base */,
			);
			name = LaunchScreen.storyboard;
			sourceTree = "<group>";
		};
/* End PBXVariantGroup section */

/* Begin XCBuildConfiguration section */
		BA0CBD0728EC550B0003CC71 /* Debug */ = {
			isa = XCBuildConfiguration;
			buildSettings = {
				ALWAYS_SEARCH_USER_PATHS = NO;
				CLANG_ANALYZER_NONNULL = YES;
				CLANG_ANALYZER_NUMBER_OBJECT_CONVERSION = YES_AGGRESSIVE;
				CLANG_CXX_LANGUAGE_STANDARD = "gnu++17";
				CLANG_ENABLE_MODULES = YES;
				CLANG_ENABLE_OBJC_ARC = YES;
				CLANG_ENABLE_OBJC_WEAK = YES;
				CLANG_WARN_BLOCK_CAPTURE_AUTORELEASING = YES;
				CLANG_WARN_BOOL_CONVERSION = YES;
				CLANG_WARN_COMMA = YES;
				CLANG_WARN_CONSTANT_CONVERSION = YES;
				CLANG_WARN_DEPRECATED_OBJC_IMPLEMENTATIONS = YES;
				CLANG_WARN_DIRECT_OBJC_ISA_USAGE = YES_ERROR;
				CLANG_WARN_DOCUMENTATION_COMMENTS = YES;
				CLANG_WARN_EMPTY_BODY = YES;
				CLANG_WARN_ENUM_CONVERSION = YES;
				CLANG_WARN_INFINITE_RECURSION = YES;
				CLANG_WARN_INT_CONVERSION = YES;
				CLANG_WARN_NON_LITERAL_NULL_CONVERSION = YES;
				CLANG_WARN_OBJC_IMPLICIT_RETAIN_SELF = YES;
				CLANG_WARN_OBJC_LITERAL_CONVERSION = YES;
				CLANG_WARN_OBJC_ROOT_CLASS = YES_ERROR;
				CLANG_WARN_QUOTED_INCLUDE_IN_FRAMEWORK_HEADER = YES;
				CLANG_WARN_RANGE_LOOP_ANALYSIS = YES;
				CLANG_WARN_STRICT_PROTOTYPES = YES;
				CLANG_WARN_SUSPICIOUS_MOVE = YES;
				CLANG_WARN_UNGUARDED_AVAILABILITY = YES_AGGRESSIVE;
				CLANG_WARN_UNREACHABLE_CODE = YES;
				CLANG_WARN__DUPLICATE_METHOD_MATCH = YES;
				COPY_PHASE_STRIP = NO;
				DEBUG_INFORMATION_FORMAT = dwarf;
				ENABLE_STRICT_OBJC_MSGSEND = YES;
				ENABLE_TESTABILITY = YES;
				GCC_C_LANGUAGE_STANDARD = gnu11;
				GCC_DYNAMIC_NO_PIC = NO;
				GCC_NO_COMMON_BLOCKS = YES;
				GCC_OPTIMIZATION_LEVEL = 0;
				GCC_PREPROCESSOR_DEFINITIONS = (
					"DEBUG=1",
					"$(inherited)",
				);
				GCC_WARN_64_TO_32_BIT_CONVERSION = YES;
				GCC_WARN_ABOUT_RETURN_TYPE = YES_ERROR;
				GCC_WARN_UNDECLARED_SELECTOR = YES;
				GCC_WARN_UNINITIALIZED_AUTOS = YES_AGGRESSIVE;
				GCC_WARN_UNUSED_FUNCTION = YES;
				GCC_WARN_UNUSED_VARIABLE = YES;
				IPHONEOS_DEPLOYMENT_TARGET = 15.4;
				MTL_ENABLE_DEBUG_INFO = INCLUDE_SOURCE;
				MTL_FAST_MATH = YES;
				ONLY_ACTIVE_ARCH = YES;
				SDKROOT = iphoneos;
				SWIFT_ACTIVE_COMPILATION_CONDITIONS = DEBUG;
				SWIFT_OPTIMIZATION_LEVEL = "-Onone";
			};
			name = Debug;
		};
		BA0CBD0828EC550B0003CC71 /* Release */ = {
			isa = XCBuildConfiguration;
			buildSettings = {
				ALWAYS_SEARCH_USER_PATHS = NO;
				CLANG_ANALYZER_NONNULL = YES;
				CLANG_ANALYZER_NUMBER_OBJECT_CONVERSION = YES_AGGRESSIVE;
				CLANG_CXX_LANGUAGE_STANDARD = "gnu++17";
				CLANG_ENABLE_MODULES = YES;
				CLANG_ENABLE_OBJC_ARC = YES;
				CLANG_ENABLE_OBJC_WEAK = YES;
				CLANG_WARN_BLOCK_CAPTURE_AUTORELEASING = YES;
				CLANG_WARN_BOOL_CONVERSION = YES;
				CLANG_WARN_COMMA = YES;
				CLANG_WARN_CONSTANT_CONVERSION = YES;
				CLANG_WARN_DEPRECATED_OBJC_IMPLEMENTATIONS = YES;
				CLANG_WARN_DIRECT_OBJC_ISA_USAGE = YES_ERROR;
				CLANG_WARN_DOCUMENTATION_COMMENTS = YES;
				CLANG_WARN_EMPTY_BODY = YES;
				CLANG_WARN_ENUM_CONVERSION = YES;
				CLANG_WARN_INFINITE_RECURSION = YES;
				CLANG_WARN_INT_CONVERSION = YES;
				CLANG_WARN_NON_LITERAL_NULL_CONVERSION = YES;
				CLANG_WARN_OBJC_IMPLICIT_RETAIN_SELF = YES;
				CLANG_WARN_OBJC_LITERAL_CONVERSION = YES;
				CLANG_WARN_OBJC_ROOT_CLASS = YES_ERROR;
				CLANG_WARN_QUOTED_INCLUDE_IN_FRAMEWORK_HEADER = YES;
				CLANG_WARN_RANGE_LOOP_ANALYSIS = YES;
				CLANG_WARN_STRICT_PROTOTYPES = YES;
				CLANG_WARN_SUSPICIOUS_MOVE = YES;
				CLANG_WARN_UNGUARDED_AVAILABILITY = YES_AGGRESSIVE;
				CLANG_WARN_UNREACHABLE_CODE = YES;
				CLANG_WARN__DUPLICATE_METHOD_MATCH = YES;
				COPY_PHASE_STRIP = NO;
				DEBUG_INFORMATION_FORMAT = "dwarf-with-dsym";
				ENABLE_NS_ASSERTIONS = NO;
				ENABLE_STRICT_OBJC_MSGSEND = YES;
				GCC_C_LANGUAGE_STANDARD = gnu11;
				GCC_NO_COMMON_BLOCKS = YES;
				GCC_WARN_64_TO_32_BIT_CONVERSION = YES;
				GCC_WARN_ABOUT_RETURN_TYPE = YES_ERROR;
				GCC_WARN_UNDECLARED_SELECTOR = YES;
				GCC_WARN_UNINITIALIZED_AUTOS = YES_AGGRESSIVE;
				GCC_WARN_UNUSED_FUNCTION = YES;
				GCC_WARN_UNUSED_VARIABLE = YES;
				IPHONEOS_DEPLOYMENT_TARGET = 15.4;
				MTL_ENABLE_DEBUG_INFO = NO;
				MTL_FAST_MATH = YES;
				SDKROOT = iphoneos;
				SWIFT_COMPILATION_MODE = wholemodule;
				SWIFT_OPTIMIZATION_LEVEL = "-O";
				VALIDATE_PRODUCT = YES;
			};
			name = Release;
		};
		BA0CBD0A28EC550B0003CC71 /* Debug */ = {
			isa = XCBuildConfiguration;
			buildSettings = {
				ASSETCATALOG_COMPILER_APPICON_NAME = AppIcon;
				ASSETCATALOG_COMPILER_GLOBAL_ACCENT_COLOR_NAME = AccentColor;
				CODE_SIGN_STYLE = Automatic;
				CURRENT_PROJECT_VERSION = 1;
				DEVELOPMENT_TEAM = HYZTUHFK6R;
				GENERATE_INFOPLIST_FILE = YES;
				INFOPLIST_FILE = todolist/Info.plist;
				INFOPLIST_KEY_UIApplicationSupportsIndirectInputEvents = YES;
				INFOPLIST_KEY_UILaunchStoryboardName = LaunchScreen;
				INFOPLIST_KEY_UISupportedInterfaceOrientations_iPad = "UIInterfaceOrientationPortrait UIInterfaceOrientationPortraitUpsideDown UIInterfaceOrientationLandscapeLeft UIInterfaceOrientationLandscapeRight";
				INFOPLIST_KEY_UISupportedInterfaceOrientations_iPhone = "UIInterfaceOrientationPortrait UIInterfaceOrientationLandscapeLeft UIInterfaceOrientationLandscapeRight";
				LD_RUNPATH_SEARCH_PATHS = (
					"$(inherited)",
					"@executable_path/Frameworks",
				);
				MARKETING_VERSION = 1.0;
				PRODUCT_BUNDLE_IDENTIFIER = cum.your.company.todolist;
				PRODUCT_NAME = "$(TARGET_NAME)";
				SWIFT_EMIT_LOC_STRINGS = YES;
				SWIFT_VERSION = 5.0;
				TARGETED_DEVICE_FAMILY = "1,2";
			};
			name = Debug;
		};
		BA0CBD0B28EC550B0003CC71 /* Release */ = {
			isa = XCBuildConfiguration;
			buildSettings = {
				ASSETCATALOG_COMPILER_APPICON_NAME = AppIcon;
				ASSETCATALOG_COMPILER_GLOBAL_ACCENT_COLOR_NAME = AccentColor;
				CODE_SIGN_STYLE = Automatic;
				CURRENT_PROJECT_VERSION = 1;
				DEVELOPMENT_TEAM = HYZTUHFK6R;
				GENERATE_INFOPLIST_FILE = YES;
				INFOPLIST_FILE = todolist/Info.plist;
				INFOPLIST_KEY_UIApplicationSupportsIndirectInputEvents = YES;
				INFOPLIST_KEY_UILaunchStoryboardName = LaunchScreen;
				INFOPLIST_KEY_UISupportedInterfaceOrientations_iPad = "UIInterfaceOrientationPortrait UIInterfaceOrientationPortraitUpsideDown UIInterfaceOrientationLandscapeLeft UIInterfaceOrientationLandscapeRight";
				INFOPLIST_KEY_UISupportedInterfaceOrientations_iPhone = "UIInterfaceOrientationPortrait UIInterfaceOrientationLandscapeLeft UIInterfaceOrientationLandscapeRight";
				LD_RUNPATH_SEARCH_PATHS = (
					"$(inherited)",
					"@executable_path/Frameworks",
				);
				MARKETING_VERSION = 1.0;
				PRODUCT_BUNDLE_IDENTIFIER = cum.your.company.todolist;
				PRODUCT_NAME = "$(TARGET_NAME)";
				SWIFT_EMIT_LOC_STRINGS = YES;
				SWIFT_VERSION = 5.0;
				TARGETED_DEVICE_FAMILY = "1,2";
			};
			name = Release;
		};
/* End XCBuildConfiguration section */

/* Begin XCConfigurationList section */
		BA0CBCED28EC55090003CC71 /* Build configuration list for PBXProject "todolist" */ = {
			isa = XCConfigurationList;
			buildConfigurations = (
				BA0CBD0728EC550B0003CC71 /* Debug */,
				BA0CBD0828EC550B0003CC71 /* Release */,
			);
			defaultConfigurationIsVisible = 0;
			defaultConfigurationName = Release;
		};
		BA0CBD0928EC550B0003CC71 /* Build configuration list for PBXNativeTarget "todolist" */ = {
			isa = XCConfigurationList;
			buildConfigurations = (
				BA0CBD0A28EC550B0003CC71 /* Debug */,
				BA0CBD0B28EC550B0003CC71 /* Release */,
			);
			defaultConfigurationIsVisible = 0;
			defaultConfigurationName = Release;
		};
/* End XCConfigurationList section */

/* Begin XCRemoteSwiftPackageReference section */
		BA0CBD2228EE02AE0003CC71 /* XCRemoteSwiftPackageReference "SnapKit" */ = {
			isa = XCRemoteSwiftPackageReference;
			repositoryURL = "https://github.com/SnapKit/SnapKit.git";
			requirement = {
				branch = develop;
				kind = branch;
			};
		};
/* End XCRemoteSwiftPackageReference section */

/* Begin XCSwiftPackageProductDependency section */
		BA0CBD2328EE02AE0003CC71 /* SnapKit */ = {
			isa = XCSwiftPackageProductDependency;
			package = BA0CBD2228EE02AE0003CC71 /* XCRemoteSwiftPackageReference "SnapKit" */;
			productName = SnapKit;
		};
/* End XCSwiftPackageProductDependency section */

/* Begin XCVersionGroup section */
		BA0CBCFE28EC55090003CC71 /* todolist.xcdatamodeld */ = {
			isa = XCVersionGroup;
			children = (
				BA0CBCFF28EC55090003CC71 /* todolist.xcdatamodel */,
			);
			currentVersion = BA0CBCFF28EC55090003CC71 /* todolist.xcdatamodel */;
			path = todolist.xcdatamodeld;
			sourceTree = "<group>";
			versionGroupType = wrapper.xcdatamodel;
		};
/* End XCVersionGroup section */
	};
	rootObject = BA0CBCEA28EC55090003CC71 /* Project object */;
}
